{
  "name": "pomodorapp-frontend",
  "lockfileVersion": 2,
  "requires": true,
  "packages": {
    "": {
      "dependencies": {
        "easytimer.js": "^4.3.2"
      }
    },
    "node_modules/easytimer.js": {
      "version": "4.3.2",
      "resolved": "https://registry.npmjs.org/easytimer.js/-/easytimer.js-4.3.2.tgz",
      "integrity": "sha512-UFyufjLl0TfnQvfbOhtYgLkQGSFaAI0PMCLoWUC6kWgCjo3eI1s/bkQJPd2nAj8dZLZEVtrs4fFoqn8+KqZAOg=="
    }
  },
  "dependencies": {
    "easytimer.js": {
      "version": "4.3.2",
      "resolved": "https://registry.npmjs.org/easytimer.js/-/easytimer.js-4.3.2.tgz",
      "integrity": "sha512-UFyufjLl0TfnQvfbOhtYgLkQGSFaAI0PMCLoWUC6kWgCjo3eI1s/bkQJPd2nAj8dZLZEVtrs4fFoqn8+KqZAOg=="
    }
  }
}
